version = 1
revision = 1
requires-python = ">=3.12"

[[package]]
name = "renovate-uv-test"
version = "0.1.0"
source = { virtual = "." }
dependencies = [
    { name = "simplejson" },
    { name = "uv" },
]

[package.metadata]
requires-dist = [
    { name = "simplejson", specifier = "==3.19.1" },
    { name = "uv", specifier = "==0.6.4" },
]

[[package]]
name = "simplejson"
version = "3.19.1"
source = { registry = "https://pypi.org/simple" }
sdist = { url = "https://files.pythonhosted.org/packages/c0/5c/61e2afbe62bbe2e328d4d1f426f6e39052b73eddca23b5ba524026561250/simplejson-3.19.1.tar.gz", hash = "sha256:6277f60848a7d8319d27d2be767a7546bc965535b28070e310b3a9af90604a4c", size = 85207 }
wheels = [
    { url = "https://files.pythonhosted.org/packages/56/40/c58cd470a57af4affa87da639a9d9d339a0d5898d98faa608ac43f3e191e/simplejson-3.19.1-py3-none-any.whl", hash = "sha256:4710806eb75e87919b858af0cba4ffedc01b463edc3982ded7b55143f39e41e1", size = 56990 },
]

[[package]]
name = "uv"
version = "0.6.4"
source = { registry = "https://pypi.org/simple" }
sdist = { url = "https://files.pythonhosted.org/packages/93/66/88e0f5a58f0f6b28c7547499c1c405be6f9890ebbf7f5b6eea484c36c09c/uv-0.6.4.tar.gz", hash = "sha256:d043bc2265a9c7306833b06ae619a520569a96e6b118a405b6d7a94939baa76b", size = 3083097 }
wheels = [
    { url = "https://files.pythonhosted.org/packages/89/06/a938c1ccef8b949f60b26d60f5ce19807f25c6350afd94340ff651f03497/uv-0.6.4-py3-none-linux_armv6l.whl", hash = "sha256:50a66b53981af0bd1874fc946495c7cbd5a4a4059b7e800e2757645cf29954af", size = 15474710 },
    { url = "https://files.pythonhosted.org/packages/27/0d/9f9f6a1784e5152a726a0f941d7d1273ac01947200e49c713fa85e8ccdab/uv-0.6.4-py3-none-macosx_10_12_x86_64.whl", hash = "sha256:5684e887dab470c462e66c1338db073ea74cb59db11e5c25ea17ad9dd93bca88", size = 15506936 },
    { url = "https://files.pythonhosted.org/packages/03/00/9a070fbeb77516ed8ba1a4ddf9a83836c8b579355acde185480c0958d6f2/uv-0.6.4-py3-none-macosx_11_0_arm64.whl", hash = "sha256:5da52ae9d1da0d878cb67ab31a8f5b4baa5d98f05791fdf923934a34328d52ef", size = 14404121 },
    { url = "https://files.pythonhosted.org/packages/02/70/16b5b911d8101f560ee3c719d06d68fcd0e9ef4a6c5535f3ad0950e301ce/uv-0.6.4-py3-none-manylinux_2_17_aarch64.manylinux2014_aarch64.musllinux_1_1_aarch64.whl", hash = "sha256:414959658e61302fe8214dfed8d59bbaeff30676723341da83ed7f42a24f5230", size = 14874864 },
    { url = "https://files.pythonhosted.org/packages/33/26/eed2481da6499bb0aee82eb19300dde07b30cc2601b6bb7a0f831041e52b/uv-0.6.4-py3-none-manylinux_2_17_armv7l.manylinux2014_armv7l.whl", hash = "sha256:e8af445b2c5c39200093dbc1a3d99b0c5ebf42acb0848de2e2154ffa8d286ba1", size = 15226146 },
    { url = "https://files.pythonhosted.org/packages/a5/9f/078fe19ebd590d73cfdf566fe392450b17da742769aa4408425fb115e753/uv-0.6.4-py3-none-manylinux_2_17_i686.manylinux2014_i686.whl", hash = "sha256:352bd2e46bca2d6738ad9a6fd99fc13cfb4f16f673d9d37b6bfc1b8460822c2f", size = 15904655 },
    { url = "https://files.pythonhosted.org/packages/17/ff/5cf310e5a299588c5cc96457839c7b5de2e438eaeb05bba1930a55cb0a48/uv-0.6.4-py3-none-manylinux_2_17_ppc64.manylinux2014_ppc64.whl", hash = "sha256:8384b5f4b68a424bc048448872081536d17405f952f333276fc8ea7ca8c336e5", size = 16775656 },
    { url = "https://files.pythonhosted.org/packages/37/19/22b9182f7159fb216112e13b1eccacb452ae022505a69e7efee43dad758e/uv-0.6.4-py3-none-manylinux_2_17_ppc64le.manylinux2014_ppc64le.whl", hash = "sha256:5013867b56270062e6f292ae82810972619b1c4d43542dc523dcfa55d9cbdc09", size = 16510318 },
    { url = "https://files.pythonhosted.org/packages/d0/0c/264c1be85ef13f61f64cd8804c3a6e37db5a71c59d81b74c65428ab1e3f7/uv-0.6.4-py3-none-manylinux_2_17_s390x.manylinux2014_s390x.whl", hash = "sha256:1c5d5732165b91caeb5a05111d2f6bc5189003a378a91c77c89c9ee9ac24269f", size = 20589851 },
    { url = "https://files.pythonhosted.org/packages/c2/d4/769cfcf65177efd076a2eae04bcf0c8dd472ec76c564d31e69f01e071964/uv-0.6.4-py3-none-manylinux_2_17_x86_64.manylinux2014_x86_64.whl", hash = "sha256:9bddf058398fc3ac5826294223869d0afb30f7494063d8117bd3402c993cfd12", size = 16154633 },
    { url = "https://files.pythonhosted.org/packages/38/3a/dbe7159205842755c3baedbcf761ad6ec53042afcfe1b7977137bb4c5017/uv-0.6.4-py3-none-manylinux_2_28_aarch64.whl", hash = "sha256:ff342965f8a50e64e97275ff350c91fb09c75aa484d098cf57a7b2cf74938b79", size = 15103865 },
    { url = "https://files.pythonhosted.org/packages/df/ce/45214a2f4f2f9bc339d5001109310ea80e950ba7f58176d6ec5a2301deb6/uv-0.6.4-py3-none-musllinux_1_1_armv7l.whl", hash = "sha256:b6c4498c3eb846784c5d8c0cedf9350a0ef2fdf532c65ebe9046c8e9a4066ee7", size = 15181467 },
    { url = "https://files.pythonhosted.org/packages/00/74/2dec3ebc255d00aadd39031f14cd45f0d5dd9df233d12c523b5f4d91f81a/uv-0.6.4-py3-none-musllinux_1_1_i686.whl", hash = "sha256:ba1caeed221799627d7a74d4a867b36a6e3f3505703634d6ad47787222851878", size = 15454748 },
    { url = "https://files.pythonhosted.org/packages/44/34/b90cd3968f7a53f4053ce41357d4f93d722018a6e43f00eda2d2e316411e/uv-0.6.4-py3-none-musllinux_1_1_x86_64.whl", hash = "sha256:d3517a11127cb0c7efb6cab050b644a979afa7e461762a51c384500a50b03c9c", size = 16288657 },
    { url = "https://files.pythonhosted.org/packages/81/70/54731b22d67f3a65ecba2a8de5dd305e2f583916e78cc0b6d86a88510a58/uv-0.6.4-py3-none-win32.whl", hash = "sha256:973966ce79f4643f1b6be2ff77fef04997347a7ae0a167c3f407b330b1a7ba0f", size = 15621466 },
    { url = "https://files.pythonhosted.org/packages/fe/59/1d779399dc0798a0eb4b5d6681826927443e5b77a164d01299b5d57c39ee/uv-0.6.4-py3-none-win_amd64.whl", hash = "sha256:27a40ddeef491e4c8bba240e14511663c920a978d5214cdfe81bdab78791d969", size = 16922423 },
    { url = "https://files.pythonhosted.org/packages/d5/66/674f624a4e27a4ba2ead0e5298eba7844d94a788fa2a4b45c8ec4e2ab55b/uv-0.6.4-py3-none-win_arm64.whl", hash = "sha256:7e94a57b7802b014bbc8c2aa38f348f4862b64d0d1eb60258358acd46920dc80", size = 15771516 },
]
