version = 1
revision = 1
requires-python = ">=3.12"

[[package]]
name = "renovate-uv-test"
version = "0.1.0"
source = { virtual = "." }
dependencies = [
    { name = "simplejson" },
    { name = "uv" },
]

[package.metadata]
requires-dist = [
    { name = "simplejson", specifier = "==3.20.1" },
    { name = "uv", specifier = "==0.6.8" },
]

[[package]]
name = "simplejson"
version = "3.20.1"
source = { registry = "https://pypi.org/simple" }
sdist = { url = "https://files.pythonhosted.org/packages/af/92/51b417685abd96b31308b61b9acce7ec50d8e1de8fbc39a7fd4962c60689/simplejson-3.20.1.tar.gz", hash = "sha256:e64139b4ec4f1f24c142ff7dcafe55a22b811a74d86d66560c8815687143037d", size = 85591 }
wheels = [
    { url = "https://files.pythonhosted.org/packages/8d/eb/34c16a1ac9ba265d024dc977ad84e1659d931c0a700967c3e59a98ed7514/simplejson-3.20.1-cp312-cp312-macosx_10_9_universal2.whl", hash = "sha256:f31c4a3a7ab18467ee73a27f3e59158255d1520f3aad74315edde7a940f1be23", size = 93100 },
    { url = "https://files.pythonhosted.org/packages/41/fc/2c2c007d135894971e6814e7c0806936e5bade28f8db4dd7e2a58b50debd/simplejson-3.20.1-cp312-cp312-macosx_10_9_x86_64.whl", hash = "sha256:884e6183d16b725e113b83a6fc0230152ab6627d4d36cb05c89c2c5bccfa7bc6", size = 75464 },
    { url = "https://files.pythonhosted.org/packages/0f/05/2b5ecb33b776c34bb5cace5de5d7669f9b60e3ca13c113037b2ca86edfbd/simplejson-3.20.1-cp312-cp312-macosx_11_0_arm64.whl", hash = "sha256:03d7a426e416fe0d3337115f04164cd9427eb4256e843a6b8751cacf70abc832", size = 75112 },
    { url = "https://files.pythonhosted.org/packages/fe/36/1f3609a2792f06cd4b71030485f78e91eb09cfd57bebf3116bf2980a8bac/simplejson-3.20.1-cp312-cp312-manylinux_2_17_aarch64.manylinux2014_aarch64.whl", hash = "sha256:000602141d0bddfcff60ea6a6e97d5e10c9db6b17fd2d6c66199fa481b6214bb", size = 150182 },
    { url = "https://files.pythonhosted.org/packages/2f/b0/053fbda38b8b602a77a4f7829def1b4f316cd8deb5440a6d3ee90790d2a4/simplejson-3.20.1-cp312-cp312-manylinux_2_17_ppc64le.manylinux2014_ppc64le.whl", hash = "sha256:af8377a8af78226e82e3a4349efdde59ffa421ae88be67e18cef915e4023a595", size = 158363 },
    { url = "https://files.pythonhosted.org/packages/d1/4b/2eb84ae867539a80822e92f9be4a7200dffba609275faf99b24141839110/simplejson-3.20.1-cp312-cp312-manylinux_2_5_i686.manylinux1_i686.manylinux_2_17_i686.manylinux2014_i686.whl", hash = "sha256:15c7de4c88ab2fbcb8781a3b982ef883696736134e20b1210bca43fb42ff1acf", size = 148415 },
    { url = "https://files.pythonhosted.org/packages/e0/bd/400b0bd372a5666addf2540c7358bfc3841b9ce5cdbc5cc4ad2f61627ad8/simplejson-3.20.1-cp312-cp312-manylinux_2_5_x86_64.manylinux1_x86_64.manylinux_2_17_x86_64.manylinux2014_x86_64.whl", hash = "sha256:455a882ff3f97d810709f7b620007d4e0aca8da71d06fc5c18ba11daf1c4df49", size = 152213 },
    { url = "https://files.pythonhosted.org/packages/50/12/143f447bf6a827ee9472693768dc1a5eb96154f8feb140a88ce6973a3cfa/simplejson-3.20.1-cp312-cp312-musllinux_1_2_aarch64.whl", hash = "sha256:fc0f523ce923e7f38eb67804bc80e0a028c76d7868500aa3f59225574b5d0453", size = 150048 },
    { url = "https://files.pythonhosted.org/packages/5e/ea/dd9b3e8e8ed710a66f24a22c16a907c9b539b6f5f45fd8586bd5c231444e/simplejson-3.20.1-cp312-cp312-musllinux_1_2_i686.whl", hash = "sha256:76461ec929282dde4a08061071a47281ad939d0202dc4e63cdd135844e162fbc", size = 151668 },
    { url = "https://files.pythonhosted.org/packages/99/af/ee52a8045426a0c5b89d755a5a70cc821815ef3c333b56fbcad33c4435c0/simplejson-3.20.1-cp312-cp312-musllinux_1_2_ppc64le.whl", hash = "sha256:ab19c2da8c043607bde4d4ef3a6b633e668a7d2e3d56f40a476a74c5ea71949f", size = 158840 },
    { url = "https://files.pythonhosted.org/packages/68/db/ab32869acea6b5de7d75fa0dac07a112ded795d41eaa7e66c7813b17be95/simplejson-3.20.1-cp312-cp312-musllinux_1_2_x86_64.whl", hash = "sha256:b2578bedaedf6294415197b267d4ef678fea336dd78ee2a6d2f4b028e9d07be3", size = 154212 },
    { url = "https://files.pythonhosted.org/packages/fa/7a/e3132d454977d75a3bf9a6d541d730f76462ebf42a96fea2621498166f41/simplejson-3.20.1-cp312-cp312-win32.whl", hash = "sha256:339f407373325a36b7fd744b688ba5bae0666b5d340ec6d98aebc3014bf3d8ea", size = 74101 },
    { url = "https://files.pythonhosted.org/packages/bc/5d/4e243e937fa3560107c69f6f7c2eed8589163f5ed14324e864871daa2dd9/simplejson-3.20.1-cp312-cp312-win_amd64.whl", hash = "sha256:627d4486a1ea7edf1f66bb044ace1ce6b4c1698acd1b05353c97ba4864ea2e17", size = 75736 },
    { url = "https://files.pythonhosted.org/packages/c4/03/0f453a27877cb5a5fff16a975925f4119102cc8552f52536b9a98ef0431e/simplejson-3.20.1-cp313-cp313-macosx_10_13_universal2.whl", hash = "sha256:71e849e7ceb2178344998cbe5ade101f1b329460243c79c27fbfc51c0447a7c3", size = 93109 },
    { url = "https://files.pythonhosted.org/packages/74/1f/a729f4026850cabeaff23e134646c3f455e86925d2533463420635ae54de/simplejson-3.20.1-cp313-cp313-macosx_10_13_x86_64.whl", hash = "sha256:b63fdbab29dc3868d6f009a59797cefaba315fd43cd32ddd998ee1da28e50e29", size = 75475 },
    { url = "https://files.pythonhosted.org/packages/e2/14/50a2713fee8ff1f8d655b1a14f4a0f1c0c7246768a1b3b3d12964a4ed5aa/simplejson-3.20.1-cp313-cp313-macosx_11_0_arm64.whl", hash = "sha256:1190f9a3ce644fd50ec277ac4a98c0517f532cfebdcc4bd975c0979a9f05e1fb", size = 75112 },
    { url = "https://files.pythonhosted.org/packages/45/86/ea9835abb646755140e2d482edc9bc1e91997ed19a59fd77ae4c6a0facea/simplejson-3.20.1-cp313-cp313-manylinux_2_17_aarch64.manylinux2014_aarch64.whl", hash = "sha256:c1336ba7bcb722ad487cd265701ff0583c0bb6de638364ca947bb84ecc0015d1", size = 150245 },
    { url = "https://files.pythonhosted.org/packages/12/b4/53084809faede45da829fe571c65fbda8479d2a5b9c633f46b74124d56f5/simplejson-3.20.1-cp313-cp313-manylinux_2_17_ppc64le.manylinux2014_ppc64le.whl", hash = "sha256:e975aac6a5acd8b510eba58d5591e10a03e3d16c1cf8a8624ca177491f7230f0", size = 158465 },
    { url = "https://files.pythonhosted.org/packages/a9/7d/d56579468d1660b3841e1f21c14490d103e33cf911886b22652d6e9683ec/simplejson-3.20.1-cp313-cp313-manylinux_2_5_i686.manylinux1_i686.manylinux_2_17_i686.manylinux2014_i686.whl", hash = "sha256:6a6dd11ee282937ad749da6f3b8d87952ad585b26e5edfa10da3ae2536c73078", size = 148514 },
    { url = "https://files.pythonhosted.org/packages/19/e3/874b1cca3d3897b486d3afdccc475eb3a09815bf1015b01cf7fcb52a55f0/simplejson-3.20.1-cp313-cp313-manylinux_2_5_x86_64.manylinux1_x86_64.manylinux_2_17_x86_64.manylinux2014_x86_64.whl", hash = "sha256:ab980fcc446ab87ea0879edad41a5c28f2d86020014eb035cf5161e8de4474c6", size = 152262 },
    { url = "https://files.pythonhosted.org/packages/32/84/f0fdb3625292d945c2bd13a814584603aebdb38cfbe5fe9be6b46fe598c4/simplejson-3.20.1-cp313-cp313-musllinux_1_2_aarch64.whl", hash = "sha256:f5aee2a4cb6b146bd17333ac623610f069f34e8f31d2f4f0c1a2186e50c594f0", size = 150164 },
    { url = "https://files.pythonhosted.org/packages/95/51/6d625247224f01eaaeabace9aec75ac5603a42f8ebcce02c486fbda8b428/simplejson-3.20.1-cp313-cp313-musllinux_1_2_i686.whl", hash = "sha256:652d8eecbb9a3b6461b21ec7cf11fd0acbab144e45e600c817ecf18e4580b99e", size = 151795 },
    { url = "https://files.pythonhosted.org/packages/7f/d9/bb921df6b35be8412f519e58e86d1060fddf3ad401b783e4862e0a74c4c1/simplejson-3.20.1-cp313-cp313-musllinux_1_2_ppc64le.whl", hash = "sha256:8c09948f1a486a89251ee3a67c9f8c969b379f6ffff1a6064b41fea3bce0a112", size = 159027 },
    { url = "https://files.pythonhosted.org/packages/03/c5/5950605e4ad023a6621cf4c931b29fd3d2a9c1f36be937230bfc83d7271d/simplejson-3.20.1-cp313-cp313-musllinux_1_2_x86_64.whl", hash = "sha256:cbbd7b215ad4fc6f058b5dd4c26ee5c59f72e031dfda3ac183d7968a99e4ca3a", size = 154380 },
    { url = "https://files.pythonhosted.org/packages/66/ad/b74149557c5ec1e4e4d55758bda426f5d2ec0123cd01a53ae63b8de51fa3/simplejson-3.20.1-cp313-cp313-win32.whl", hash = "sha256:ae81e482476eaa088ef9d0120ae5345de924f23962c0c1e20abbdff597631f87", size = 74102 },
    { url = "https://files.pythonhosted.org/packages/db/a9/25282fdd24493e1022f30b7f5cdf804255c007218b2bfaa655bd7ad34b2d/simplejson-3.20.1-cp313-cp313-win_amd64.whl", hash = "sha256:1b9fd15853b90aec3b1739f4471efbf1ac05066a2c7041bf8db821bb73cd2ddc", size = 75736 },
    { url = "https://files.pythonhosted.org/packages/4b/30/00f02a0a921556dd5a6db1ef2926a1bc7a8bbbfb1c49cfed68a275b8ab2b/simplejson-3.20.1-py3-none-any.whl", hash = "sha256:8a6c1bbac39fa4a79f83cbf1df6ccd8ff7069582a9fd8db1e52cea073bc2c697", size = 57121 },
]

[[package]]
name = "uv"
version = "0.6.8"
source = { registry = "https://pypi.org/simple" }
sdist = { url = "https://files.pythonhosted.org/packages/91/cd/51dc5cad69ba2df4bfb8442af18e7e53a8a7c77d221a26b3903a9dc4e5ce/uv-0.6.8.tar.gz", hash = "sha256:45ecd70cfe42132ff84083ecb37fe7a8d2feac3eacd7a5872e7a002fb260940f", size = 3097793 }
wheels = [
    { url = "https://files.pythonhosted.org/packages/e3/1a/551ff0892e3ae06a1c42c2cfa4ed87c06cdd3d573aa3a5c0ffa2388c60c2/uv-0.6.8-py3-none-linux_armv6l.whl", hash = "sha256:ec3838ff7d7313076700ad89b5254548988b0c4e98d215bb0064b7d872166566", size = 15770071 },
    { url = "https://files.pythonhosted.org/packages/36/21/293c29deaaa4c28887e984eda96ce16372bb4cf4537469b14844aea37d57/uv-0.6.8-py3-none-macosx_10_12_x86_64.whl", hash = "sha256:f284e418727f1242e17dd7e0ab09525aa6543953bfc4886fa364d24b8612c4fa", size = 15863073 },
    { url = "https://files.pythonhosted.org/packages/a9/b4/f8f3c71dc812418c5d18816b2bf1675511e3dd4c47dcfecca2096dc3f073/uv-0.6.8-py3-none-macosx_11_0_arm64.whl", hash = "sha256:6847cdeca38236316ff91bfd155f018990f99809c9b3c13f6f4c1aa9d1f16277", size = 14701715 },
    { url = "https://files.pythonhosted.org/packages/f1/a8/150c9e43090b308d9d4d006dd8394597bf3e2dc62c59d64a13718dcc635a/uv-0.6.8-py3-none-manylinux_2_17_aarch64.manylinux2014_aarch64.musllinux_1_1_aarch64.whl", hash = "sha256:26b9af3c0572d283e58938e598be06d5391893647edd1e15d3c66a60ec458f5f", size = 15123381 },
    { url = "https://files.pythonhosted.org/packages/85/aa/91db63e92da8c0fd720baf7b36503ae03da65da439fffc748eef0992f965/uv-0.6.8-py3-none-manylinux_2_17_armv7l.manylinux2014_armv7l.whl", hash = "sha256:696121507b28ef286fd144581f9f0a8bd4929efa3dcc78c787ce06304912c087", size = 15507911 },
    { url = "https://files.pythonhosted.org/packages/95/19/13845489eaa944a10373835a4e6e55b192b36c068a2235cab78ada4e8916/uv-0.6.8-py3-none-manylinux_2_17_i686.manylinux2014_i686.whl", hash = "sha256:42af4d5919f8499354322845e4d35d5dfdd8f06e93548d99e6d5a533806fa06d", size = 16158094 },
    { url = "https://files.pythonhosted.org/packages/f4/f2/1e440eb31e466cd81b228db8a4b1595fe0693531a4bd44c7e1c2192b48d8/uv-0.6.8-py3-none-manylinux_2_17_ppc64.manylinux2014_ppc64.whl", hash = "sha256:bdeaefb8ce828cc9b01888979f10c0d0a3896b08d3370f2234687a9ce016697a", size = 17070920 },
    { url = "https://files.pythonhosted.org/packages/e2/b4/04a4487856779f7a05d3689ce426344ac978496715c8a2c37cf9c31460e3/uv-0.6.8-py3-none-manylinux_2_17_ppc64le.manylinux2014_ppc64le.whl", hash = "sha256:6366dd9b248246961539093e7762096eb50eced3bdb9058184c66948e14cb559", size = 16804347 },
    { url = "https://files.pythonhosted.org/packages/b5/e9/146c6380cf415bdf1a6355b6ba39e4045a89cfd7853503c650d4c11bcae2/uv-0.6.8-py3-none-manylinux_2_17_s390x.manylinux2014_s390x.whl", hash = "sha256:8a1cdd1629a90647b1eb33192aa72a9956509d2c1349650fe859c80ae229a69b", size = 20985997 },
    { url = "https://files.pythonhosted.org/packages/5b/f2/fd4999d53d2bef1893a87ab624963afba73a26947578452368365fd3b05e/uv-0.6.8-py3-none-manylinux_2_17_x86_64.manylinux2014_x86_64.whl", hash = "sha256:d2670ff0546aea85fc0337e651851d18b7ce41ffc3189ae556fcd99ccd152a61", size = 16501131 },
    { url = "https://files.pythonhosted.org/packages/77/9d/262bf1b883032821ded6443efd1c27930a5ba5a84112ea603683e7f6b906/uv-0.6.8-py3-none-manylinux_2_28_aarch64.whl", hash = "sha256:451bc30583398718f60033679f558ada57c5924b4f1980ca0af67fb6b3aca320", size = 15375574 },
    { url = "https://files.pythonhosted.org/packages/6e/c6/45e37888e02ac54f300f89559e7c2d4e4b2147e802fe84a041f623ea1ba1/uv-0.6.8-py3-none-musllinux_1_1_armv7l.whl", hash = "sha256:f0ae6320d14de75e5ca12cb6a4d896ad9a8c682e2e42a40977cb5e6cc147ebe7", size = 15467826 },
    { url = "https://files.pythonhosted.org/packages/87/0c/14f1cf0be81e5fa0520842cbe334b0935628b092352189f63a6e6621567f/uv-0.6.8-py3-none-musllinux_1_1_i686.whl", hash = "sha256:edcd6d54ad8f71e3c306cbcf2159055674d54354a5b332be2586f279e9403070", size = 15751008 },
    { url = "https://files.pythonhosted.org/packages/19/fe/45bfc6240c8e4272f08d0c5549b7dd5de13e8621bc9249fcda2256f2a2b7/uv-0.6.8-py3-none-musllinux_1_1_x86_64.whl", hash = "sha256:23958fbefce5e167f0dd513908cf1641276601c79496143f8558b7e2a43c8648", size = 16643754 },
    { url = "https://files.pythonhosted.org/packages/e8/ef/1a0e08807592992a79791f2407725594317d8ed5b4f9dbbaa50dc44dc9e8/uv-0.6.8-py3-none-win32.whl", hash = "sha256:e3ab6d0cf20cb33e6d04c431e5f22ce25741f5111c9706ba431bb92e1e29b273", size = 15890116 },
    { url = "https://files.pythonhosted.org/packages/11/2c/84b571dc167a294f8df4891c573fad7bb4127b5489f87c91666507f2ab29/uv-0.6.8-py3-none-win_amd64.whl", hash = "sha256:3d0f35004feea5bc936939cb4d2f67c440345b594acd1400bc0dc3c7f7398a7c", size = 17335091 },
    { url = "https://files.pythonhosted.org/packages/ca/17/e3eaecd3363302a8f860626ce668f706dab3807912f4c4d24520ff92be21/uv-0.6.8-py3-none-win_arm64.whl", hash = "sha256:f9430336c6657ed44816fe62cfcdafa644b1c14ab218687aa043648e0f382933", size = 16090332 },
]
